
Microsoft Visual Studio Solution File, Format Version 12.00
# Visual Studio Version 16
VisualStudioVersion = 25.0.1704.5
MinimumVisualStudioVersion = 10.0.40219.1
Project("{FAE04EC0-301F-11D3-BF4B-00C04F79EFBC}") = "Практика 2.4", "Практика 2.4.csproj", "{526B8C09-7C53-48F7-A863-895E17FEE3DC}"
EndProject
Global
	GlobalSection(SolutionConfigurationPlatforms) = preSolution
		Debug|Any CPU = Debug|Any CPU
		Release|Any CPU = Release|Any CPU
	EndGlobalSection
	GlobalSection(ProjectConfigurationPlatforms) = postSolution
		{526B8C09-7C53-48F7-A863-895E17FEE3DC}.Debug|Any CPU.ActiveCfg = Debug|Any CPU
		{526B8C09-7C53-48F7-A863-895E17FEE3DC}.Debug|Any CPU.Build.0 = Debug|Any CPU
		{526B8C09-7C53-48F7-A863-895E17FEE3DC}.Release|Any CPU.ActiveCfg = Release|Any CPU
		{526B8C09-7C53-48F7-A863-895E17FEE3DC}.Release|Any CPU.Build.0 = Release|Any CPU
	EndGlobalSection
	GlobalSection(SolutionProperties) = preSolution
		HideSolutionNode = FALSE
	EndGlobalSection
	GlobalSection(ExtensibilityGlobals) = postSolution
		SolutionGuid = {4E3D3672-006A-4B39-B9AE-A58AE37779E5}
	EndGlobalSection
EndGlobal
