
Microsoft Visual Studio Solution File, Format Version 12.00
# Visual Studio Version 16
VisualStudioVersion = 25.0.1704.5
MinimumVisualStudioVersion = 10.0.40219.1
Project("{FAE04EC0-301F-11D3-BF4B-00C04F79EFBC}") = "Практика 2.2", "Практика 2.2.csproj", "{6BAA6772-36FF-4432-95C7-FA288989C44E}"
EndProject
Global
	GlobalSection(SolutionConfigurationPlatforms) = preSolution
		Debug|Any CPU = Debug|Any CPU
		Release|Any CPU = Release|Any CPU
	EndGlobalSection
	GlobalSection(ProjectConfigurationPlatforms) = postSolution
		{6BAA6772-36FF-4432-95C7-FA288989C44E}.Debug|Any CPU.ActiveCfg = Debug|Any CPU
		{6BAA6772-36FF-4432-95C7-FA288989C44E}.Debug|Any CPU.Build.0 = Debug|Any CPU
		{6BAA6772-36FF-4432-95C7-FA288989C44E}.Release|Any CPU.ActiveCfg = Release|Any CPU
		{6BAA6772-36FF-4432-95C7-FA288989C44E}.Release|Any CPU.Build.0 = Release|Any CPU
	EndGlobalSection
	GlobalSection(SolutionProperties) = preSolution
		HideSolutionNode = FALSE
	EndGlobalSection
	GlobalSection(ExtensibilityGlobals) = postSolution
		SolutionGuid = {1FB22D81-007C-49B0-8DB1-E43349FD268F}
	EndGlobalSection
EndGlobal
